
Microsoft Visual Studio Solution File, Format Version 12.00
# Visual Studio Version 17
VisualStudioVersion = 17.7.34031.279
MinimumVisualStudioVersion = 10.0.40219.1
Project("{FAE04EC0-301F-11D3-BF4B-00C04F79EFBC}") = "LavenderFullApp", "LavenderFullApp\LavenderFullApp.csproj", "{365096D0-EC4A-4500-843A-9E30B67DA955}"
EndProject
Project("{FAE04EC0-301F-11D3-BF4B-00C04F79EFBC}") = "Lavender.Core", "LavenderCore\Lavender.Core.csproj", "{0D896CFD-9E08-49BC-BFF1-DD84040762D3}"
EndProject
Project("{FAE04EC0-301F-11D3-BF4B-00C04F79EFBC}") = "Lavender.Infrastructure", "Lavender.Infrastructure\Lavender.Infrastructure.csproj", "{EBE03381-8B33-4C13-B950-5F3DC4710A39}"
EndProject
Project("{FAE04EC0-301F-11D3-BF4B-00C04F79EFBC}") = "Lavender.Services", "Lavender.Services\Lavender.Services.csproj", "{167BFA18-7FBC-4A23-84A2-B0D9A62D3918}"
EndProject
Global
	GlobalSection(SolutionConfigurationPlatforms) = preSolution
		Debug|Any CPU = Debug|Any CPU
		Release|Any CPU = Release|Any CPU
	EndGlobalSection
	GlobalSection(ProjectConfigurationPlatforms) = postSolution
		{365096D0-EC4A-4500-843A-9E30B67DA955}.Debug|Any CPU.ActiveCfg = Debug|Any CPU
		{365096D0-EC4A-4500-843A-9E30B67DA955}.Debug|Any CPU.Build.0 = Debug|Any CPU
		{365096D0-EC4A-4500-843A-9E30B67DA955}.Release|Any CPU.ActiveCfg = Release|Any CPU
		{365096D0-EC4A-4500-843A-9E30B67DA955}.Release|Any CPU.Build.0 = Release|Any CPU
		{0D896CFD-9E08-49BC-BFF1-DD84040762D3}.Debug|Any CPU.ActiveCfg = Debug|Any CPU
		{0D896CFD-9E08-49BC-BFF1-DD84040762D3}.Debug|Any CPU.Build.0 = Debug|Any CPU
		{0D896CFD-9E08-49BC-BFF1-DD84040762D3}.Release|Any CPU.ActiveCfg = Release|Any CPU
		{0D896CFD-9E08-49BC-BFF1-DD84040762D3}.Release|Any CPU.Build.0 = Release|Any CPU
		{EBE03381-8B33-4C13-B950-5F3DC4710A39}.Debug|Any CPU.ActiveCfg = Debug|Any CPU
		{EBE03381-8B33-4C13-B950-5F3DC4710A39}.Debug|Any CPU.Build.0 = Debug|Any CPU
		{EBE03381-8B33-4C13-B950-5F3DC4710A39}.Release|Any CPU.ActiveCfg = Release|Any CPU
		{EBE03381-8B33-4C13-B950-5F3DC4710A39}.Release|Any CPU.Build.0 = Release|Any CPU
		{167BFA18-7FBC-4A23-84A2-B0D9A62D3918}.Debug|Any CPU.ActiveCfg = Debug|Any CPU
		{167BFA18-7FBC-4A23-84A2-B0D9A62D3918}.Debug|Any CPU.Build.0 = Debug|Any CPU
		{167BFA18-7FBC-4A23-84A2-B0D9A62D3918}.Release|Any CPU.ActiveCfg = Release|Any CPU
		{167BFA18-7FBC-4A23-84A2-B0D9A62D3918}.Release|Any CPU.Build.0 = Release|Any CPU
	EndGlobalSection
	GlobalSection(SolutionProperties) = preSolution
		HideSolutionNode = FALSE
	EndGlobalSection
	GlobalSection(ExtensibilityGlobals) = postSolution
		SolutionGuid = {A8CF3209-CDFF-40E0-91E3-DBF9C4F928BF}
	EndGlobalSection
EndGlobal
